Microsoft Visual Studio Solution File, Format Version 12.00
# Visual Studio 15
VisualStudioVersion = 15.0.27703.2047
MinimumVisualStudioVersion = 10.0.40219.1
Project("{2150E333-8FDC-42A3-9474-1A3956D46DE8}") = "Product", "Product", "{AB0CCA9B-BC62-469C-9435-597EBF6E3D80}"
EndProject
Project("{9A19103F-16F7-4668-BE54-9A1E7A4F7556}") = "Store.Product.Domain", "Product\Store.Product.Domain\Store.Product.Domain.csproj", "{BB7C9312-80B2-49AB-A820-93A43C9E236C}"
EndProject
Project("{9A19103F-16F7-4668-BE54-9A1E7A4F7556}") = "Store.Common", "Common\Store.Common\Store.Common.csproj", "{ADA797EE-F7B2-4F51-8931-FC0AB1807E46}"
EndProject
Project("{9A19103F-16F7-4668-BE54-9A1E7A4F7556}") = "Store.Product.Application", "Product\Store.Product.Application\Store.Product.Application.csproj", "{B4CA2DA7-46DE-48C7-8001-0FE37F7CCF8B}"
EndProject
Project("{9A19103F-16F7-4668-BE54-9A1E7A4F7556}") = "Store.Product.API", "Product\Store.Product.API\Store.Product.API.csproj", "{AABAE6E4-5807-44CC-BA8F-6263F0D19229}"
EndProject
Project("{9A19103F-16F7-4668-BE54-9A1E7A4F7556}") = "Store.Product.Tests.Unit", "Product\Store.Product.Tests.Unit\Store.Product.Tests.Unit.csproj", "{F159DAF5-F07F-430F-8164-37A09AF32F21}"
EndProject
Project("{9A19103F-16F7-4668-BE54-9A1E7A4F7556}") = "Store.Product.Repository", "Product\Store.Product.Repository\Store.Product.Repository.csproj", "{AB10BA07-BAFF-49E1-B527-12AA4CB1D23B}"
EndProject
Project("{9A19103F-16F7-4668-BE54-9A1E7A4F7556}") = "Store.Common.Tests.Unit", "Common\Store.Common.Tests\Store.Common.Tests.Unit.csproj", "{3C03DFC2-32B9-475E-9AC9-C671D4FE97D3}"
EndProject
Project("{FAE04EC0-301F-11D3-BF4B-00C04F79EFBC}") = "Store.Product.Tests.Acceptance", "Product\Store.Product.Tests.Acceptance\Store.Product.Tests.Acceptance.csproj", "{B9D3A9DF-0A81-4A22-9BDD-9A4AC5A16206}"
EndProject
Project("{2150E333-8FDC-42A3-9474-1A3956D46DE8}") = "Sale", "Sale", "{C48875E8-2669-40DB-8315-BC78B1FCDD93}"
EndProject
Project("{2150E333-8FDC-42A3-9474-1A3956D46DE8}") = "Payment", "Payment", "{371247A3-BF23-4AAC-A70C-79535F693CE8}"
EndProject
Project("{2150E333-8FDC-42A3-9474-1A3956D46DE8}") = "User", "User", "{04877E2A-EB31-4F69-B730-ACE70DE7A63B}"
EndProject
Project("{2150E333-8FDC-42A3-9474-1A3956D46DE8}") = "Permission", "Permission", "{B9652C57-A5C8-4295-BFE5-D74C8CE144A5}"
EndProject
Project("{2150E333-8FDC-42A3-9474-1A3956D46DE8}") = "Auth", "Auth", "{A1961DAB-4E1E-4261-A3D2-DF4DB673B409}"
EndProject
Project("{2150E333-8FDC-42A3-9474-1A3956D46DE8}") = "Gateway", "Gateway", "{0652FEC7-3C9A-4D85-A573-F0A2B1A59078}"
EndProject
Project("{9A19103F-16F7-4668-BE54-9A1E7A4F7556}") = "Store.Auth.Domain", "Auth\Store.Auth.Domain\Store.Auth.Domain.csproj", "{EE7C4938-9F02-4F4D-B333-181E978FE7A7}"
EndProject
Project("{9A19103F-16F7-4668-BE54-9A1E7A4F7556}") = "Store.Auth.Application", "Auth\Store.Auth.Application\Store.Auth.Application.csproj", "{2D85E26E-FA80-41CB-884E-E4EA46EC7C43}"
EndProject
Project("{9A19103F-16F7-4668-BE54-9A1E7A4F7556}") = "Store.Auth.API", "Auth\Store.Auth.API\Store.Auth.API.csproj", "{A66DE4F1-947A-437D-8C2E-C36424F2D712}"
EndProject
Project("{9A19103F-16F7-4668-BE54-9A1E7A4F7556}") = "Store.Gateway.Application", "Gateway\Store.Gateway.Application\Store.Gateway.Application.csproj", "{8C46DDE5-1AD2-487C-8899-1001F7631100}"
EndProject
Project("{9A19103F-16F7-4668-BE54-9A1E7A4F7556}") = "Store.Gatweay.API", "Gateway\Store.Gatweay.API\Store.Gatweay.API.csproj", "{08EF6AA6-053B-4D62-A7EF-45E5BAB87D5D}"
EndProject
Project("{9A19103F-16F7-4668-BE54-9A1E7A4F7556}") = "Store.Payment.Domain", "Payment\Store.Payment.Domain\Store.Payment.Domain.csproj", "{F0E84318-2334-4EF8-B11C-4E2E78DA9606}"
EndProject
Project("{9A19103F-16F7-4668-BE54-9A1E7A4F7556}") = "Store.Payment.Repository", "Payment\Store.Payment.Repository\Store.Payment.Repository.csproj", "{0F52290A-81F5-4DFC-BF71-4BE80BE1DF64}"
EndProject
Project("{9A19103F-16F7-4668-BE54-9A1E7A4F7556}") = "Store.Payment.Application", "Payment\Store.Payment.Application\Store.Payment.Application.csproj", "{F73BAF64-B5AF-4B00-AA5F-4CB219FF30A9}"
EndProject
Project("{9A19103F-16F7-4668-BE54-9A1E7A4F7556}") = "Store.Payment.API", "Payment\Store.Payment.API\Store.Payment.API.csproj", "{FB34F423-B8DC-49D8-9F82-4CEDC9D2076B}"
EndProject
Project("{9A19103F-16F7-4668-BE54-9A1E7A4F7556}") = "Store.Permission.Domain", "Permission\Store.Permission.Domain\Store.Permission.Domain.csproj", "{9BD790F0-D5AD-4B58-954A-8840A0E143BF}"
EndProject
Project("{9A19103F-16F7-4668-BE54-9A1E7A4F7556}") = "Store.Permission.Repository", "Permission\Store.Permission.Repository\Store.Permission.Repository.csproj", "{9C4166EB-87E4-4181-AD4A-2EA6C9C8001B}"
EndProject
Project("{9A19103F-16F7-4668-BE54-9A1E7A4F7556}") = "Store.Permission.Application", "Permission\Store.Permission.Application\Store.Permission.Application.csproj", "{B4AAF76E-CE32-42E1-9450-D612506F0CA6}"
EndProject
Project("{9A19103F-16F7-4668-BE54-9A1E7A4F7556}") = "Store.Permission.API", "Permission\Store.Permission.API\Store.Permission.API.csproj", "{46F2F4DC-34A2-412C-A8A2-F3333B41BB9B}"
EndProject
Project("{9A19103F-16F7-4668-BE54-9A1E7A4F7556}") = "Store.Sale.Domain", "Sale\Store.Sale.Domain\Store.Sale.Domain.csproj", "{DE022E45-780C-4B84-9392-5E05C1D06BBB}"
EndProject
Project("{9A19103F-16F7-4668-BE54-9A1E7A4F7556}") = "Store.Sale.Application", "Sale\Store.Sale.Application\Store.Sale.Application.csproj", "{A905EBB4-7A3A-4E34-9E43-7EC9D35B3B00}"
EndProject
Project("{9A19103F-16F7-4668-BE54-9A1E7A4F7556}") = "Store.Sale.Repository", "Sale\Store.Sale.Repository\Store.Sale.Repository.csproj", "{F0A55FB3-F6EA-4525-93F0-36044F50347D}"
EndProject
Project("{9A19103F-16F7-4668-BE54-9A1E7A4F7556}") = "Store.Sale.API", "Sale\Store.Sale.API\Store.Sale.API.csproj", "{558FA05E-E82A-4D56-97F9-F5EE0FC0AF04}"
EndProject
Project("{9A19103F-16F7-4668-BE54-9A1E7A4F7556}") = "Store.User.Domain", "User\Store.User.Domain\Store.User.Domain.csproj", "{2621D1E6-2E97-4B70-8639-9E59154099F7}"
EndProject
Project("{9A19103F-16F7-4668-BE54-9A1E7A4F7556}") = "Store.User.Repository", "User\Store.User.Repository\Store.User.Repository.csproj", "{2295D5EB-FEF1-4599-86AE-9737D30E37BA}"
EndProject
Project("{9A19103F-16F7-4668-BE54-9A1E7A4F7556}") = "Store.User.Application", "User\Store.User.Application\Store.User.Application.csproj", "{8DB09A23-8C1F-4747-9F0C-B120AA45B546}"
EndProject
Project("{9A19103F-16F7-4668-BE54-9A1E7A4F7556}") = "Store.User.API", "User\Store.User.API\Store.User.API.csproj", "{CE3AEB4A-929F-435A-A3B1-F97FF0D05729}"
EndProject
Project("{2150E333-8FDC-42A3-9474-1A3956D46DE8}") = "Common", "Common", "{DDE71F9E-2645-4EFD-9039-A79FAD0AB552}"
EndProject
Project("{FAE04EC0-301F-11D3-BF4B-00C04F79EFBC}") = "Store.Auth.Tests.Unit", "Auth\Store.Auth.Tests.Unit\Store.Auth.Tests.Unit.csproj", "{FF4EDE75-3735-4EA3-B402-F285E964E03E}"
EndProject
Project("{FAE04EC0-301F-11D3-BF4B-00C04F79EFBC}") = "Store.Gateway.Tests.Unit", "Gateway\Store.Gateway.Tests.Unit\Store.Gateway.Tests.Unit.csproj", "{ECF436F9-C3D4-4508-898B-419DA5B47495}"
EndProject
Project("{FAE04EC0-301F-11D3-BF4B-00C04F79EFBC}") = "Store.Payment.Tests.Unit", "Payment\Store.Payment.Tests.Unit\Store.Payment.Tests.Unit.csproj", "{065CEE7A-8D4D-4FD9-858D-C2C3E3B17C5F}"
EndProject
Project("{FAE04EC0-301F-11D3-BF4B-00C04F79EFBC}") = "Store.Permission.Tests.Unit", "Permission\Store.Permission.Tests.Unit\Store.Permission.Tests.Unit.csproj", "{4DE7234E-07F6-489B-8973-5F963D885B24}"
EndProject
Project("{FAE04EC0-301F-11D3-BF4B-00C04F79EFBC}") = "Store.Sale.Tests.Unit", "Sale\Store.Sale.Tests.Unit\Store.Sale.Tests.Unit.csproj", "{D64F921A-AF52-44C7-998E-243507E837B3}"
EndProject
Project("{FAE04EC0-301F-11D3-BF4B-00C04F79EFBC}") = "Store.User.Tests.Unit", "User\Store.User.Tests.Unit\Store.User.Tests.Unit.csproj", "{3DFA13D1-4FB6-405C-8E16-91181529E56C}"
EndProject
Project("{FAE04EC0-301F-11D3-BF4B-00C04F79EFBC}") = "Store.Auth.Tests.Acceptance", "Auth\Store.Auth.Tests.Acceptance\Store.Auth.Tests.Acceptance.csproj", "{024E2FCB-E6E7-4344-8C66-F8B3BC097F57}"
EndProject
Project("{FAE04EC0-301F-11D3-BF4B-00C04F79EFBC}") = "Store.Gateway.Tests.Acceptance", "Gateway\Store.Gateway.Tests.Acceptance\Store.Gateway.Tests.Acceptance.csproj", "{4ED72D90-AD0E-404B-876E-003D1C38B1E7}"
EndProject
Project("{FAE04EC0-301F-11D3-BF4B-00C04F79EFBC}") = "Store.Payment.Tests.Acceptance", "Payment\Store.Payment.Tests.Acceptance\Store.Payment.Tests.Acceptance.csproj", "{D6F229F6-75B9-4DC8-86F2-F4BC356B9FFA}"
EndProject
Project("{FAE04EC0-301F-11D3-BF4B-00C04F79EFBC}") = "Store.Permission.Tests.Acceptance", "Permission\Store.Permission.Tests.Acceptance\Store.Permission.Tests.Acceptance.csproj", "{3E448524-084A-4BF8-9FF6-088224F5BDA6}"
EndProject
Project("{FAE04EC0-301F-11D3-BF4B-00C04F79EFBC}") = "Store.Sale.Tests.Acceptance", "Sale\Store.Sale.Tests.Acceptance\Store.Sale.Tests.Acceptance.csproj", "{695A6EFB-33F5-489B-B2B3-7C9D3DEE6664}"
EndProject
Project("{FAE04EC0-301F-11D3-BF4B-00C04F79EFBC}") = "Store.User.Tests.Acceptance", "User\Store.User.Tests.Acceptance\Store.User.Tests.Acceptance.csproj", "{66C4013F-5ADE-4E4F-847D-0611716DB08C}"
EndProject
Global
	GlobalSection(SolutionConfigurationPlatforms) = preSolution
		Debug|Any CPU = Debug|Any CPU
		Debug|x64 = Debug|x64
		Debug|x86 = Debug|x86
		Release|Any CPU = Release|Any CPU
		Release|x64 = Release|x64
		Release|x86 = Release|x86
	EndGlobalSection
	GlobalSection(ProjectConfigurationPlatforms) = postSolution
		{BB7C9312-80B2-49AB-A820-93A43C9E236C}.Debug|Any CPU.ActiveCfg = Debug|Any CPU
		{BB7C9312-80B2-49AB-A820-93A43C9E236C}.Debug|Any CPU.Build.0 = Debug|Any CPU
		{BB7C9312-80B2-49AB-A820-93A43C9E236C}.Debug|x64.ActiveCfg = Debug|Any CPU
		{BB7C9312-80B2-49AB-A820-93A43C9E236C}.Debug|x64.Build.0 = Debug|Any CPU
		{BB7C9312-80B2-49AB-A820-93A43C9E236C}.Debug|x86.ActiveCfg = Debug|Any CPU
		{BB7C9312-80B2-49AB-A820-93A43C9E236C}.Debug|x86.Build.0 = Debug|Any CPU
		{BB7C9312-80B2-49AB-A820-93A43C9E236C}.Release|Any CPU.ActiveCfg = Release|Any CPU
		{BB7C9312-80B2-49AB-A820-93A43C9E236C}.Release|Any CPU.Build.0 = Release|Any CPU
		{BB7C9312-80B2-49AB-A820-93A43C9E236C}.Release|x64.ActiveCfg = Release|Any CPU
		{BB7C9312-80B2-49AB-A820-93A43C9E236C}.Release|x64.Build.0 = Release|Any CPU
		{BB7C9312-80B2-49AB-A820-93A43C9E236C}.Release|x86.ActiveCfg = Release|Any CPU
		{BB7C9312-80B2-49AB-A820-93A43C9E236C}.Release|x86.Build.0 = Release|Any CPU
		{ADA797EE-F7B2-4F51-8931-FC0AB1807E46}.Debug|Any CPU.ActiveCfg = Debug|Any CPU
		{ADA797EE-F7B2-4F51-8931-FC0AB1807E46}.Debug|Any CPU.Build.0 = Debug|Any CPU
		{ADA797EE-F7B2-4F51-8931-FC0AB1807E46}.Debug|x64.ActiveCfg = Debug|Any CPU
		{ADA797EE-F7B2-4F51-8931-FC0AB1807E46}.Debug|x64.Build.0 = Debug|Any CPU
		{ADA797EE-F7B2-4F51-8931-FC0AB1807E46}.Debug|x86.ActiveCfg = Debug|Any CPU
		{ADA797EE-F7B2-4F51-8931-FC0AB1807E46}.Debug|x86.Build.0 = Debug|Any CPU
		{ADA797EE-F7B2-4F51-8931-FC0AB1807E46}.Release|Any CPU.ActiveCfg = Release|Any CPU
		{ADA797EE-F7B2-4F51-8931-FC0AB1807E46}.Release|Any CPU.Build.0 = Release|Any CPU
		{ADA797EE-F7B2-4F51-8931-FC0AB1807E46}.Release|x64.ActiveCfg = Release|Any CPU
		{ADA797EE-F7B2-4F51-8931-FC0AB1807E46}.Release|x64.Build.0 = Release|Any CPU
		{ADA797EE-F7B2-4F51-8931-FC0AB1807E46}.Release|x86.ActiveCfg = Release|Any CPU
		{ADA797EE-F7B2-4F51-8931-FC0AB1807E46}.Release|x86.Build.0 = Release|Any CPU
		{B4CA2DA7-46DE-48C7-8001-0FE37F7CCF8B}.Debug|Any CPU.ActiveCfg = Debug|Any CPU
		{B4CA2DA7-46DE-48C7-8001-0FE37F7CCF8B}.Debug|Any CPU.Build.0 = Debug|Any CPU
		{B4CA2DA7-46DE-48C7-8001-0FE37F7CCF8B}.Debug|x64.ActiveCfg = Debug|Any CPU
		{B4CA2DA7-46DE-48C7-8001-0FE37F7CCF8B}.Debug|x64.Build.0 = Debug|Any CPU
		{B4CA2DA7-46DE-48C7-8001-0FE37F7CCF8B}.Debug|x86.ActiveCfg = Debug|Any CPU
		{B4CA2DA7-46DE-48C7-8001-0FE37F7CCF8B}.Debug|x86.Build.0 = Debug|Any CPU
		{B4CA2DA7-46DE-48C7-8001-0FE37F7CCF8B}.Release|Any CPU.ActiveCfg = Release|Any CPU
		{B4CA2DA7-46DE-48C7-8001-0FE37F7CCF8B}.Release|Any CPU.Build.0 = Release|Any CPU
		{B4CA2DA7-46DE-48C7-8001-0FE37F7CCF8B}.Release|x64.ActiveCfg = Release|Any CPU
		{B4CA2DA7-46DE-48C7-8001-0FE37F7CCF8B}.Release|x64.Build.0 = Release|Any CPU
		{B4CA2DA7-46DE-48C7-8001-0FE37F7CCF8B}.Release|x86.ActiveCfg = Release|Any CPU
		{B4CA2DA7-46DE-48C7-8001-0FE37F7CCF8B}.Release|x86.Build.0 = Release|Any CPU
		{AABAE6E4-5807-44CC-BA8F-6263F0D19229}.Debug|Any CPU.ActiveCfg = Debug|Any CPU
		{AABAE6E4-5807-44CC-BA8F-6263F0D19229}.Debug|Any CPU.Build.0 = Debug|Any CPU
		{AABAE6E4-5807-44CC-BA8F-6263F0D19229}.Debug|x64.ActiveCfg = Debug|Any CPU
		{AABAE6E4-5807-44CC-BA8F-6263F0D19229}.Debug|x64.Build.0 = Debug|Any CPU
		{AABAE6E4-5807-44CC-BA8F-6263F0D19229}.Debug|x86.ActiveCfg = Debug|Any CPU
		{AABAE6E4-5807-44CC-BA8F-6263F0D19229}.Debug|x86.Build.0 = Debug|Any CPU
		{AABAE6E4-5807-44CC-BA8F-6263F0D19229}.Release|Any CPU.ActiveCfg = Release|Any CPU
		{AABAE6E4-5807-44CC-BA8F-6263F0D19229}.Release|Any CPU.Build.0 = Release|Any CPU
		{AABAE6E4-5807-44CC-BA8F-6263F0D19229}.Release|x64.ActiveCfg = Release|Any CPU
		{AABAE6E4-5807-44CC-BA8F-6263F0D19229}.Release|x64.Build.0 = Release|Any CPU
		{AABAE6E4-5807-44CC-BA8F-6263F0D19229}.Release|x86.ActiveCfg = Release|Any CPU
		{AABAE6E4-5807-44CC-BA8F-6263F0D19229}.Release|x86.Build.0 = Release|Any CPU
		{F159DAF5-F07F-430F-8164-37A09AF32F21}.Debug|Any CPU.ActiveCfg = Debug|Any CPU
		{F159DAF5-F07F-430F-8164-37A09AF32F21}.Debug|Any CPU.Build.0 = Debug|Any CPU
		{F159DAF5-F07F-430F-8164-37A09AF32F21}.Debug|x64.ActiveCfg = Debug|Any CPU
		{F159DAF5-F07F-430F-8164-37A09AF32F21}.Debug|x64.Build.0 = Debug|Any CPU
		{F159DAF5-F07F-430F-8164-37A09AF32F21}.Debug|x86.ActiveCfg = Debug|Any CPU
		{F159DAF5-F07F-430F-8164-37A09AF32F21}.Debug|x86.Build.0 = Debug|Any CPU
		{F159DAF5-F07F-430F-8164-37A09AF32F21}.Release|Any CPU.ActiveCfg = Release|Any CPU
		{F159DAF5-F07F-430F-8164-37A09AF32F21}.Release|Any CPU.Build.0 = Release|Any CPU
		{F159DAF5-F07F-430F-8164-37A09AF32F21}.Release|x64.ActiveCfg = Release|Any CPU
		{F159DAF5-F07F-430F-8164-37A09AF32F21}.Release|x64.Build.0 = Release|Any CPU
		{F159DAF5-F07F-430F-8164-37A09AF32F21}.Release|x86.ActiveCfg = Release|Any CPU
		{F159DAF5-F07F-430F-8164-37A09AF32F21}.Release|x86.Build.0 = Release|Any CPU
		{AB10BA07-BAFF-49E1-B527-12AA4CB1D23B}.Debug|Any CPU.ActiveCfg = Debug|Any CPU
		{AB10BA07-BAFF-49E1-B527-12AA4CB1D23B}.Debug|Any CPU.Build.0 = Debug|Any CPU
		{AB10BA07-BAFF-49E1-B527-12AA4CB1D23B}.Debug|x64.ActiveCfg = Debug|Any CPU
		{AB10BA07-BAFF-49E1-B527-12AA4CB1D23B}.Debug|x64.Build.0 = Debug|Any CPU
		{AB10BA07-BAFF-49E1-B527-12AA4CB1D23B}.Debug|x86.ActiveCfg = Debug|Any CPU
		{AB10BA07-BAFF-49E1-B527-12AA4CB1D23B}.Debug|x86.Build.0 = Debug|Any CPU
		{AB10BA07-BAFF-49E1-B527-12AA4CB1D23B}.Release|Any CPU.ActiveCfg = Release|Any CPU
		{AB10BA07-BAFF-49E1-B527-12AA4CB1D23B}.Release|Any CPU.Build.0 = Release|Any CPU
		{AB10BA07-BAFF-49E1-B527-12AA4CB1D23B}.Release|x64.ActiveCfg = Release|Any CPU
		{AB10BA07-BAFF-49E1-B527-12AA4CB1D23B}.Release|x64.Build.0 = Release|Any CPU
		{AB10BA07-BAFF-49E1-B527-12AA4CB1D23B}.Release|x86.ActiveCfg = Release|Any CPU
		{AB10BA07-BAFF-49E1-B527-12AA4CB1D23B}.Release|x86.Build.0 = Release|Any CPU
		{3C03DFC2-32B9-475E-9AC9-C671D4FE97D3}.Debug|Any CPU.ActiveCfg = Debug|Any CPU
		{3C03DFC2-32B9-475E-9AC9-C671D4FE97D3}.Debug|Any CPU.Build.0 = Debug|Any CPU
		{3C03DFC2-32B9-475E-9AC9-C671D4FE97D3}.Debug|x64.ActiveCfg = Debug|Any CPU
		{3C03DFC2-32B9-475E-9AC9-C671D4FE97D3}.Debug|x64.Build.0 = Debug|Any CPU
		{3C03DFC2-32B9-475E-9AC9-C671D4FE97D3}.Debug|x86.ActiveCfg = Debug|Any CPU
		{3C03DFC2-32B9-475E-9AC9-C671D4FE97D3}.Debug|x86.Build.0 = Debug|Any CPU
		{3C03DFC2-32B9-475E-9AC9-C671D4FE97D3}.Release|Any CPU.ActiveCfg = Release|Any CPU
		{3C03DFC2-32B9-475E-9AC9-C671D4FE97D3}.Release|Any CPU.Build.0 = Release|Any CPU
		{3C03DFC2-32B9-475E-9AC9-C671D4FE97D3}.Release|x64.ActiveCfg = Release|Any CPU
		{3C03DFC2-32B9-475E-9AC9-C671D4FE97D3}.Release|x64.Build.0 = Release|Any CPU
		{3C03DFC2-32B9-475E-9AC9-C671D4FE97D3}.Release|x86.ActiveCfg = Release|Any CPU
		{3C03DFC2-32B9-475E-9AC9-C671D4FE97D3}.Release|x86.Build.0 = Release|Any CPU
		{B9D3A9DF-0A81-4A22-9BDD-9A4AC5A16206}.Debug|Any CPU.ActiveCfg = Debug|Any CPU
		{B9D3A9DF-0A81-4A22-9BDD-9A4AC5A16206}.Debug|Any CPU.Build.0 = Debug|Any CPU
		{B9D3A9DF-0A81-4A22-9BDD-9A4AC5A16206}.Debug|x64.ActiveCfg = Debug|Any CPU
		{B9D3A9DF-0A81-4A22-9BDD-9A4AC5A16206}.Debug|x64.Build.0 = Debug|Any CPU
		{B9D3A9DF-0A81-4A22-9BDD-9A4AC5A16206}.Debug|x86.ActiveCfg = Debug|Any CPU
		{B9D3A9DF-0A81-4A22-9BDD-9A4AC5A16206}.Debug|x86.Build.0 = Debug|Any CPU
		{B9D3A9DF-0A81-4A22-9BDD-9A4AC5A16206}.Release|Any CPU.ActiveCfg = Release|Any CPU
		{B9D3A9DF-0A81-4A22-9BDD-9A4AC5A16206}.Release|Any CPU.Build.0 = Release|Any CPU
		{B9D3A9DF-0A81-4A22-9BDD-9A4AC5A16206}.Release|x64.ActiveCfg = Release|Any CPU
		{B9D3A9DF-0A81-4A22-9BDD-9A4AC5A16206}.Release|x64.Build.0 = Release|Any CPU
		{B9D3A9DF-0A81-4A22-9BDD-9A4AC5A16206}.Release|x86.ActiveCfg = Release|Any CPU
		{B9D3A9DF-0A81-4A22-9BDD-9A4AC5A16206}.Release|x86.Build.0 = Release|Any CPU
		{EE7C4938-9F02-4F4D-B333-181E978FE7A7}.Debug|Any CPU.ActiveCfg = Debug|Any CPU
		{EE7C4938-9F02-4F4D-B333-181E978FE7A7}.Debug|Any CPU.Build.0 = Debug|Any CPU
		{EE7C4938-9F02-4F4D-B333-181E978FE7A7}.Debug|x64.ActiveCfg = Debug|Any CPU
		{EE7C4938-9F02-4F4D-B333-181E978FE7A7}.Debug|x64.Build.0 = Debug|Any CPU
		{EE7C4938-9F02-4F4D-B333-181E978FE7A7}.Debug|x86.ActiveCfg = Debug|Any CPU
		{EE7C4938-9F02-4F4D-B333-181E978FE7A7}.Debug|x86.Build.0 = Debug|Any CPU
		{EE7C4938-9F02-4F4D-B333-181E978FE7A7}.Release|Any CPU.ActiveCfg = Release|Any CPU
		{EE7C4938-9F02-4F4D-B333-181E978FE7A7}.Release|Any CPU.Build.0 = Release|Any CPU
		{EE7C4938-9F02-4F4D-B333-181E978FE7A7}.Release|x64.ActiveCfg = Release|Any CPU
		{EE7C4938-9F02-4F4D-B333-181E978FE7A7}.Release|x64.Build.0 = Release|Any CPU
		{EE7C4938-9F02-4F4D-B333-181E978FE7A7}.Release|x86.ActiveCfg = Release|Any CPU
		{EE7C4938-9F02-4F4D-B333-181E978FE7A7}.Release|x86.Build.0 = Release|Any CPU
		{2D85E26E-FA80-41CB-884E-E4EA46EC7C43}.Debug|Any CPU.ActiveCfg = Debug|Any CPU
		{2D85E26E-FA80-41CB-884E-E4EA46EC7C43}.Debug|Any CPU.Build.0 = Debug|Any CPU
		{2D85E26E-FA80-41CB-884E-E4EA46EC7C43}.Debug|x64.ActiveCfg = Debug|Any CPU
		{2D85E26E-FA80-41CB-884E-E4EA46EC7C43}.Debug|x64.Build.0 = Debug|Any CPU
		{2D85E26E-FA80-41CB-884E-E4EA46EC7C43}.Debug|x86.ActiveCfg = Debug|Any CPU
		{2D85E26E-FA80-41CB-884E-E4EA46EC7C43}.Debug|x86.Build.0 = Debug|Any CPU
		{2D85E26E-FA80-41CB-884E-E4EA46EC7C43}.Release|Any CPU.ActiveCfg = Release|Any CPU
		{2D85E26E-FA80-41CB-884E-E4EA46EC7C43}.Release|Any CPU.Build.0 = Release|Any CPU
		{2D85E26E-FA80-41CB-884E-E4EA46EC7C43}.Release|x64.ActiveCfg = Release|Any CPU
		{2D85E26E-FA80-41CB-884E-E4EA46EC7C43}.Release|x64.Build.0 = Release|Any CPU
		{2D85E26E-FA80-41CB-884E-E4EA46EC7C43}.Release|x86.ActiveCfg = Release|Any CPU
		{2D85E26E-FA80-41CB-884E-E4EA46EC7C43}.Release|x86.Build.0 = Release|Any CPU
		{A66DE4F1-947A-437D-8C2E-C36424F2D712}.Debug|Any CPU.ActiveCfg = Debug|Any CPU
		{A66DE4F1-947A-437D-8C2E-C36424F2D712}.Debug|Any CPU.Build.0 = Debug|Any CPU
		{A66DE4F1-947A-437D-8C2E-C36424F2D712}.Debug|x64.ActiveCfg = Debug|Any CPU
		{A66DE4F1-947A-437D-8C2E-C36424F2D712}.Debug|x64.Build.0 = Debug|Any CPU
		{A66DE4F1-947A-437D-8C2E-C36424F2D712}.Debug|x86.ActiveCfg = Debug|Any CPU
		{A66DE4F1-947A-437D-8C2E-C36424F2D712}.Debug|x86.Build.0 = Debug|Any CPU
		{A66DE4F1-947A-437D-8C2E-C36424F2D712}.Release|Any CPU.ActiveCfg = Release|Any CPU
		{A66DE4F1-947A-437D-8C2E-C36424F2D712}.Release|Any CPU.Build.0 = Release|Any CPU
		{A66DE4F1-947A-437D-8C2E-C36424F2D712}.Release|x64.ActiveCfg = Release|Any CPU
		{A66DE4F1-947A-437D-8C2E-C36424F2D712}.Release|x64.Build.0 = Release|Any CPU
		{A66DE4F1-947A-437D-8C2E-C36424F2D712}.Release|x86.ActiveCfg = Release|Any CPU
		{A66DE4F1-947A-437D-8C2E-C36424F2D712}.Release|x86.Build.0 = Release|Any CPU
		{8C46DDE5-1AD2-487C-8899-1001F7631100}.Debug|Any CPU.ActiveCfg = Debug|Any CPU
		{8C46DDE5-1AD2-487C-8899-1001F7631100}.Debug|Any CPU.Build.0 = Debug|Any CPU
		{8C46DDE5-1AD2-487C-8899-1001F7631100}.Debug|x64.ActiveCfg = Debug|Any CPU
		{8C46DDE5-1AD2-487C-8899-1001F7631100}.Debug|x64.Build.0 = Debug|Any CPU
		{8C46DDE5-1AD2-487C-8899-1001F7631100}.Debug|x86.ActiveCfg = Debug|Any CPU
		{8C46DDE5-1AD2-487C-8899-1001F7631100}.Debug|x86.Build.0 = Debug|Any CPU
		{8C46DDE5-1AD2-487C-8899-1001F7631100}.Release|Any CPU.ActiveCfg = Release|Any CPU
		{8C46DDE5-1AD2-487C-8899-1001F7631100}.Release|Any CPU.Build.0 = Release|Any CPU
		{8C46DDE5-1AD2-487C-8899-1001F7631100}.Release|x64.ActiveCfg = Release|Any CPU
		{8C46DDE5-1AD2-487C-8899-1001F7631100}.Release|x64.Build.0 = Release|Any CPU
		{8C46DDE5-1AD2-487C-8899-1001F7631100}.Release|x86.ActiveCfg = Release|Any CPU
		{8C46DDE5-1AD2-487C-8899-1001F7631100}.Release|x86.Build.0 = Release|Any CPU
		{08EF6AA6-053B-4D62-A7EF-45E5BAB87D5D}.Debug|Any CPU.ActiveCfg = Debug|Any CPU
		{08EF6AA6-053B-4D62-A7EF-45E5BAB87D5D}.Debug|Any CPU.Build.0 = Debug|Any CPU
		{08EF6AA6-053B-4D62-A7EF-45E5BAB87D5D}.Debug|x64.ActiveCfg = Debug|Any CPU
		{08EF6AA6-053B-4D62-A7EF-45E5BAB87D5D}.Debug|x64.Build.0 = Debug|Any CPU
		{08EF6AA6-053B-4D62-A7EF-45E5BAB87D5D}.Debug|x86.ActiveCfg = Debug|Any CPU
		{08EF6AA6-053B-4D62-A7EF-45E5BAB87D5D}.Debug|x86.Build.0 = Debug|Any CPU
		{08EF6AA6-053B-4D62-A7EF-45E5BAB87D5D}.Release|Any CPU.ActiveCfg = Release|Any CPU
		{08EF6AA6-053B-4D62-A7EF-45E5BAB87D5D}.Release|Any CPU.Build.0 = Release|Any CPU
		{08EF6AA6-053B-4D62-A7EF-45E5BAB87D5D}.Release|x64.ActiveCfg = Release|Any CPU
		{08EF6AA6-053B-4D62-A7EF-45E5BAB87D5D}.Release|x64.Build.0 = Release|Any CPU
		{08EF6AA6-053B-4D62-A7EF-45E5BAB87D5D}.Release|x86.ActiveCfg = Release|Any CPU
		{08EF6AA6-053B-4D62-A7EF-45E5BAB87D5D}.Release|x86.Build.0 = Release|Any CPU
		{F0E84318-2334-4EF8-B11C-4E2E78DA9606}.Debug|Any CPU.ActiveCfg = Debug|Any CPU
		{F0E84318-2334-4EF8-B11C-4E2E78DA9606}.Debug|Any CPU.Build.0 = Debug|Any CPU
		{F0E84318-2334-4EF8-B11C-4E2E78DA9606}.Debug|x64.ActiveCfg = Debug|Any CPU
		{F0E84318-2334-4EF8-B11C-4E2E78DA9606}.Debug|x64.Build.0 = Debug|Any CPU
		{F0E84318-2334-4EF8-B11C-4E2E78DA9606}.Debug|x86.ActiveCfg = Debug|Any CPU
		{F0E84318-2334-4EF8-B11C-4E2E78DA9606}.Debug|x86.Build.0 = Debug|Any CPU
		{F0E84318-2334-4EF8-B11C-4E2E78DA9606}.Release|Any CPU.ActiveCfg = Release|Any CPU
		{F0E84318-2334-4EF8-B11C-4E2E78DA9606}.Release|Any CPU.Build.0 = Release|Any CPU
		{F0E84318-2334-4EF8-B11C-4E2E78DA9606}.Release|x64.ActiveCfg = Release|Any CPU
		{F0E84318-2334-4EF8-B11C-4E2E78DA9606}.Release|x64.Build.0 = Release|Any CPU
		{F0E84318-2334-4EF8-B11C-4E2E78DA9606}.Release|x86.ActiveCfg = Release|Any CPU
		{F0E84318-2334-4EF8-B11C-4E2E78DA9606}.Release|x86.Build.0 = Release|Any CPU
		{0F52290A-81F5-4DFC-BF71-4BE80BE1DF64}.Debug|Any CPU.ActiveCfg = Debug|Any CPU
		{0F52290A-81F5-4DFC-BF71-4BE80BE1DF64}.Debug|Any CPU.Build.0 = Debug|Any CPU
		{0F52290A-81F5-4DFC-BF71-4BE80BE1DF64}.Debug|x64.ActiveCfg = Debug|Any CPU
		{0F52290A-81F5-4DFC-BF71-4BE80BE1DF64}.Debug|x64.Build.0 = Debug|Any CPU
		{0F52290A-81F5-4DFC-BF71-4BE80BE1DF64}.Debug|x86.ActiveCfg = Debug|Any CPU
		{0F52290A-81F5-4DFC-BF71-4BE80BE1DF64}.Debug|x86.Build.0 = Debug|Any CPU
		{0F52290A-81F5-4DFC-BF71-4BE80BE1DF64}.Release|Any CPU.ActiveCfg = Release|Any CPU
		{0F52290A-81F5-4DFC-BF71-4BE80BE1DF64}.Release|Any CPU.Build.0 = Release|Any CPU
		{0F52290A-81F5-4DFC-BF71-4BE80BE1DF64}.Release|x64.ActiveCfg = Release|Any CPU
		{0F52290A-81F5-4DFC-BF71-4BE80BE1DF64}.Release|x64.Build.0 = Release|Any CPU
		{0F52290A-81F5-4DFC-BF71-4BE80BE1DF64}.Release|x86.ActiveCfg = Release|Any CPU
		{0F52290A-81F5-4DFC-BF71-4BE80BE1DF64}.Release|x86.Build.0 = Release|Any CPU
		{F73BAF64-B5AF-4B00-AA5F-4CB219FF30A9}.Debug|Any CPU.ActiveCfg = Debug|Any CPU
		{F73BAF64-B5AF-4B00-AA5F-4CB219FF30A9}.Debug|Any CPU.Build.0 = Debug|Any CPU
		{F73BAF64-B5AF-4B00-AA5F-4CB219FF30A9}.Debug|x64.ActiveCfg = Debug|Any CPU
		{F73BAF64-B5AF-4B00-AA5F-4CB219FF30A9}.Debug|x64.Build.0 = Debug|Any CPU
		{F73BAF64-B5AF-4B00-AA5F-4CB219FF30A9}.Debug|x86.ActiveCfg = Debug|Any CPU
		{F73BAF64-B5AF-4B00-AA5F-4CB219FF30A9}.Debug|x86.Build.0 = Debug|Any CPU
		{F73BAF64-B5AF-4B00-AA5F-4CB219FF30A9}.Release|Any CPU.ActiveCfg = Release|Any CPU
		{F73BAF64-B5AF-4B00-AA5F-4CB219FF30A9}.Release|Any CPU.Build.0 = Release|Any CPU
		{F73BAF64-B5AF-4B00-AA5F-4CB219FF30A9}.Release|x64.ActiveCfg = Release|Any CPU
		{F73BAF64-B5AF-4B00-AA5F-4CB219FF30A9}.Release|x64.Build.0 = Release|Any CPU
		{F73BAF64-B5AF-4B00-AA5F-4CB219FF30A9}.Release|x86.ActiveCfg = Release|Any CPU
		{F73BAF64-B5AF-4B00-AA5F-4CB219FF30A9}.Release|x86.Build.0 = Release|Any CPU
		{FB34F423-B8DC-49D8-9F82-4CEDC9D2076B}.Debug|Any CPU.ActiveCfg = Debug|Any CPU
		{FB34F423-B8DC-49D8-9F82-4CEDC9D2076B}.Debug|Any CPU.Build.0 = Debug|Any CPU
		{FB34F423-B8DC-49D8-9F82-4CEDC9D2076B}.Debug|x64.ActiveCfg = Debug|Any CPU
		{FB34F423-B8DC-49D8-9F82-4CEDC9D2076B}.Debug|x64.Build.0 = Debug|Any CPU
		{FB34F423-B8DC-49D8-9F82-4CEDC9D2076B}.Debug|x86.ActiveCfg = Debug|Any CPU
		{FB34F423-B8DC-49D8-9F82-4CEDC9D2076B}.Debug|x86.Build.0 = Debug|Any CPU
		{FB34F423-B8DC-49D8-9F82-4CEDC9D2076B}.Release|Any CPU.ActiveCfg = Release|Any CPU
		{FB34F423-B8DC-49D8-9F82-4CEDC9D2076B}.Release|Any CPU.Build.0 = Release|Any CPU
		{FB34F423-B8DC-49D8-9F82-4CEDC9D2076B}.Release|x64.ActiveCfg = Release|Any CPU
		{FB34F423-B8DC-49D8-9F82-4CEDC9D2076B}.Release|x64.Build.0 = Release|Any CPU
		{FB34F423-B8DC-49D8-9F82-4CEDC9D2076B}.Release|x86.ActiveCfg = Release|Any CPU
		{FB34F423-B8DC-49D8-9F82-4CEDC9D2076B}.Release|x86.Build.0 = Release|Any CPU
		{9BD790F0-D5AD-4B58-954A-8840A0E143BF}.Debug|Any CPU.ActiveCfg = Debug|Any CPU
		{9BD790F0-D5AD-4B58-954A-8840A0E143BF}.Debug|Any CPU.Build.0 = Debug|Any CPU
		{9BD790F0-D5AD-4B58-954A-8840A0E143BF}.Debug|x64.ActiveCfg = Debug|Any CPU
		{9BD790F0-D5AD-4B58-954A-8840A0E143BF}.Debug|x64.Build.0 = Debug|Any CPU
		{9BD790F0-D5AD-4B58-954A-8840A0E143BF}.Debug|x86.ActiveCfg = Debug|Any CPU
		{9BD790F0-D5AD-4B58-954A-8840A0E143BF}.Debug|x86.Build.0 = Debug|Any CPU
		{9BD790F0-D5AD-4B58-954A-8840A0E143BF}.Release|Any CPU.ActiveCfg = Release|Any CPU
		{9BD790F0-D5AD-4B58-954A-8840A0E143BF}.Release|Any CPU.Build.0 = Release|Any CPU
		{9BD790F0-D5AD-4B58-954A-8840A0E143BF}.Release|x64.ActiveCfg = Release|Any CPU
		{9BD790F0-D5AD-4B58-954A-8840A0E143BF}.Release|x64.Build.0 = Release|Any CPU
		{9BD790F0-D5AD-4B58-954A-8840A0E143BF}.Release|x86.ActiveCfg = Release|Any CPU
		{9BD790F0-D5AD-4B58-954A-8840A0E143BF}.Release|x86.Build.0 = Release|Any CPU
		{9C4166EB-87E4-4181-AD4A-2EA6C9C8001B}.Debug|Any CPU.ActiveCfg = Debug|Any CPU
		{9C4166EB-87E4-4181-AD4A-2EA6C9C8001B}.Debug|Any CPU.Build.0 = Debug|Any CPU
		{9C4166EB-87E4-4181-AD4A-2EA6C9C8001B}.Debug|x64.ActiveCfg = Debug|Any CPU
		{9C4166EB-87E4-4181-AD4A-2EA6C9C8001B}.Debug|x64.Build.0 = Debug|Any CPU
		{9C4166EB-87E4-4181-AD4A-2EA6C9C8001B}.Debug|x86.ActiveCfg = Debug|Any CPU
		{9C4166EB-87E4-4181-AD4A-2EA6C9C8001B}.Debug|x86.Build.0 = Debug|Any CPU
		{9C4166EB-87E4-4181-AD4A-2EA6C9C8001B}.Release|Any CPU.ActiveCfg = Release|Any CPU
		{9C4166EB-87E4-4181-AD4A-2EA6C9C8001B}.Release|Any CPU.Build.0 = Release|Any CPU
		{9C4166EB-87E4-4181-AD4A-2EA6C9C8001B}.Release|x64.ActiveCfg = Release|Any CPU
		{9C4166EB-87E4-4181-AD4A-2EA6C9C8001B}.Release|x64.Build.0 = Release|Any CPU
		{9C4166EB-87E4-4181-AD4A-2EA6C9C8001B}.Release|x86.ActiveCfg = Release|Any CPU
		{9C4166EB-87E4-4181-AD4A-2EA6C9C8001B}.Release|x86.Build.0 = Release|Any CPU
		{B4AAF76E-CE32-42E1-9450-D612506F0CA6}.Debug|Any CPU.ActiveCfg = Debug|Any CPU
		{B4AAF76E-CE32-42E1-9450-D612506F0CA6}.Debug|Any CPU.Build.0 = Debug|Any CPU
		{B4AAF76E-CE32-42E1-9450-D612506F0CA6}.Debug|x64.ActiveCfg = Debug|Any CPU
		{B4AAF76E-CE32-42E1-9450-D612506F0CA6}.Debug|x64.Build.0 = Debug|Any CPU
		{B4AAF76E-CE32-42E1-9450-D612506F0CA6}.Debug|x86.ActiveCfg = Debug|Any CPU
		{B4AAF76E-CE32-42E1-9450-D612506F0CA6}.Debug|x86.Build.0 = Debug|Any CPU
		{B4AAF76E-CE32-42E1-9450-D612506F0CA6}.Release|Any CPU.ActiveCfg = Release|Any CPU
		{B4AAF76E-CE32-42E1-9450-D612506F0CA6}.Release|Any CPU.Build.0 = Release|Any CPU
		{B4AAF76E-CE32-42E1-9450-D612506F0CA6}.Release|x64.ActiveCfg = Release|Any CPU
		{B4AAF76E-CE32-42E1-9450-D612506F0CA6}.Release|x64.Build.0 = Release|Any CPU
		{B4AAF76E-CE32-42E1-9450-D612506F0CA6}.Release|x86.ActiveCfg = Release|Any CPU
		{B4AAF76E-CE32-42E1-9450-D612506F0CA6}.Release|x86.Build.0 = Release|Any CPU
		{46F2F4DC-34A2-412C-A8A2-F3333B41BB9B}.Debug|Any CPU.ActiveCfg = Debug|Any CPU
		{46F2F4DC-34A2-412C-A8A2-F3333B41BB9B}.Debug|Any CPU.Build.0 = Debug|Any CPU
		{46F2F4DC-34A2-412C-A8A2-F3333B41BB9B}.Debug|x64.ActiveCfg = Debug|Any CPU
		{46F2F4DC-34A2-412C-A8A2-F3333B41BB9B}.Debug|x64.Build.0 = Debug|Any CPU
		{46F2F4DC-34A2-412C-A8A2-F3333B41BB9B}.Debug|x86.ActiveCfg = Debug|Any CPU
		{46F2F4DC-34A2-412C-A8A2-F3333B41BB9B}.Debug|x86.Build.0 = Debug|Any CPU
		{46F2F4DC-34A2-412C-A8A2-F3333B41BB9B}.Release|Any CPU.ActiveCfg = Release|Any CPU
		{46F2F4DC-34A2-412C-A8A2-F3333B41BB9B}.Release|Any CPU.Build.0 = Release|Any CPU
		{46F2F4DC-34A2-412C-A8A2-F3333B41BB9B}.Release|x64.ActiveCfg = Release|Any CPU
		{46F2F4DC-34A2-412C-A8A2-F3333B41BB9B}.Release|x64.Build.0 = Release|Any CPU
		{46F2F4DC-34A2-412C-A8A2-F3333B41BB9B}.Release|x86.ActiveCfg = Release|Any CPU
		{46F2F4DC-34A2-412C-A8A2-F3333B41BB9B}.Release|x86.Build.0 = Release|Any CPU
		{DE022E45-780C-4B84-9392-5E05C1D06BBB}.Debug|Any CPU.ActiveCfg = Debug|Any CPU
		{DE022E45-780C-4B84-9392-5E05C1D06BBB}.Debug|Any CPU.Build.0 = Debug|Any CPU
		{DE022E45-780C-4B84-9392-5E05C1D06BBB}.Debug|x64.ActiveCfg = Debug|Any CPU
		{DE022E45-780C-4B84-9392-5E05C1D06BBB}.Debug|x64.Build.0 = Debug|Any CPU
		{DE022E45-780C-4B84-9392-5E05C1D06BBB}.Debug|x86.ActiveCfg = Debug|Any CPU
		{DE022E45-780C-4B84-9392-5E05C1D06BBB}.Debug|x86.Build.0 = Debug|Any CPU
		{DE022E45-780C-4B84-9392-5E05C1D06BBB}.Release|Any CPU.ActiveCfg = Release|Any CPU
		{DE022E45-780C-4B84-9392-5E05C1D06BBB}.Release|Any CPU.Build.0 = Release|Any CPU
		{DE022E45-780C-4B84-9392-5E05C1D06BBB}.Release|x64.ActiveCfg = Release|Any CPU
		{DE022E45-780C-4B84-9392-5E05C1D06BBB}.Release|x64.Build.0 = Release|Any CPU
		{DE022E45-780C-4B84-9392-5E05C1D06BBB}.Release|x86.ActiveCfg = Release|Any CPU
		{DE022E45-780C-4B84-9392-5E05C1D06BBB}.Release|x86.Build.0 = Release|Any CPU
		{A905EBB4-7A3A-4E34-9E43-7EC9D35B3B00}.Debug|Any CPU.ActiveCfg = Debug|Any CPU
		{A905EBB4-7A3A-4E34-9E43-7EC9D35B3B00}.Debug|Any CPU.Build.0 = Debug|Any CPU
		{A905EBB4-7A3A-4E34-9E43-7EC9D35B3B00}.Debug|x64.ActiveCfg = Debug|Any CPU
		{A905EBB4-7A3A-4E34-9E43-7EC9D35B3B00}.Debug|x64.Build.0 = Debug|Any CPU
		{A905EBB4-7A3A-4E34-9E43-7EC9D35B3B00}.Debug|x86.ActiveCfg = Debug|Any CPU
		{A905EBB4-7A3A-4E34-9E43-7EC9D35B3B00}.Debug|x86.Build.0 = Debug|Any CPU
		{A905EBB4-7A3A-4E34-9E43-7EC9D35B3B00}.Release|Any CPU.ActiveCfg = Release|Any CPU
		{A905EBB4-7A3A-4E34-9E43-7EC9D35B3B00}.Release|Any CPU.Build.0 = Release|Any CPU
		{A905EBB4-7A3A-4E34-9E43-7EC9D35B3B00}.Release|x64.ActiveCfg = Release|Any CPU
		{A905EBB4-7A3A-4E34-9E43-7EC9D35B3B00}.Release|x64.Build.0 = Release|Any CPU
		{A905EBB4-7A3A-4E34-9E43-7EC9D35B3B00}.Release|x86.ActiveCfg = Release|Any CPU
		{A905EBB4-7A3A-4E34-9E43-7EC9D35B3B00}.Release|x86.Build.0 = Release|Any CPU
		{F0A55FB3-F6EA-4525-93F0-36044F50347D}.Debug|Any CPU.ActiveCfg = Debug|Any CPU
		{F0A55FB3-F6EA-4525-93F0-36044F50347D}.Debug|Any CPU.Build.0 = Debug|Any CPU
		{F0A55FB3-F6EA-4525-93F0-36044F50347D}.Debug|x64.ActiveCfg = Debug|Any CPU
		{F0A55FB3-F6EA-4525-93F0-36044F50347D}.Debug|x64.Build.0 = Debug|Any CPU
		{F0A55FB3-F6EA-4525-93F0-36044F50347D}.Debug|x86.ActiveCfg = Debug|Any CPU
		{F0A55FB3-F6EA-4525-93F0-36044F50347D}.Debug|x86.Build.0 = Debug|Any CPU
		{F0A55FB3-F6EA-4525-93F0-36044F50347D}.Release|Any CPU.ActiveCfg = Release|Any CPU
		{F0A55FB3-F6EA-4525-93F0-36044F50347D}.Release|Any CPU.Build.0 = Release|Any CPU
		{F0A55FB3-F6EA-4525-93F0-36044F50347D}.Release|x64.ActiveCfg = Release|Any CPU
		{F0A55FB3-F6EA-4525-93F0-36044F50347D}.Release|x64.Build.0 = Release|Any CPU
		{F0A55FB3-F6EA-4525-93F0-36044F50347D}.Release|x86.ActiveCfg = Release|Any CPU
		{F0A55FB3-F6EA-4525-93F0-36044F50347D}.Release|x86.Build.0 = Release|Any CPU
		{558FA05E-E82A-4D56-97F9-F5EE0FC0AF04}.Debug|Any CPU.ActiveCfg = Debug|Any CPU
		{558FA05E-E82A-4D56-97F9-F5EE0FC0AF04}.Debug|Any CPU.Build.0 = Debug|Any CPU
		{558FA05E-E82A-4D56-97F9-F5EE0FC0AF04}.Debug|x64.ActiveCfg = Debug|Any CPU
		{558FA05E-E82A-4D56-97F9-F5EE0FC0AF04}.Debug|x64.Build.0 = Debug|Any CPU
		{558FA05E-E82A-4D56-97F9-F5EE0FC0AF04}.Debug|x86.ActiveCfg = Debug|Any CPU
		{558FA05E-E82A-4D56-97F9-F5EE0FC0AF04}.Debug|x86.Build.0 = Debug|Any CPU
		{558FA05E-E82A-4D56-97F9-F5EE0FC0AF04}.Release|Any CPU.ActiveCfg = Release|Any CPU
		{558FA05E-E82A-4D56-97F9-F5EE0FC0AF04}.Release|Any CPU.Build.0 = Release|Any CPU
		{558FA05E-E82A-4D56-97F9-F5EE0FC0AF04}.Release|x64.ActiveCfg = Release|Any CPU
		{558FA05E-E82A-4D56-97F9-F5EE0FC0AF04}.Release|x64.Build.0 = Release|Any CPU
		{558FA05E-E82A-4D56-97F9-F5EE0FC0AF04}.Release|x86.ActiveCfg = Release|Any CPU
		{558FA05E-E82A-4D56-97F9-F5EE0FC0AF04}.Release|x86.Build.0 = Release|Any CPU
		{2621D1E6-2E97-4B70-8639-9E59154099F7}.Debug|Any CPU.ActiveCfg = Debug|Any CPU
		{2621D1E6-2E97-4B70-8639-9E59154099F7}.Debug|Any CPU.Build.0 = Debug|Any CPU
		{2621D1E6-2E97-4B70-8639-9E59154099F7}.Debug|x64.ActiveCfg = Debug|Any CPU
		{2621D1E6-2E97-4B70-8639-9E59154099F7}.Debug|x64.Build.0 = Debug|Any CPU
		{2621D1E6-2E97-4B70-8639-9E59154099F7}.Debug|x86.ActiveCfg = Debug|Any CPU
		{2621D1E6-2E97-4B70-8639-9E59154099F7}.Debug|x86.Build.0 = Debug|Any CPU
		{2621D1E6-2E97-4B70-8639-9E59154099F7}.Release|Any CPU.ActiveCfg = Release|Any CPU
		{2621D1E6-2E97-4B70-8639-9E59154099F7}.Release|Any CPU.Build.0 = Release|Any CPU
		{2621D1E6-2E97-4B70-8639-9E59154099F7}.Release|x64.ActiveCfg = Release|Any CPU
		{2621D1E6-2E97-4B70-8639-9E59154099F7}.Release|x64.Build.0 = Release|Any CPU
		{2621D1E6-2E97-4B70-8639-9E59154099F7}.Release|x86.ActiveCfg = Release|Any CPU
		{2621D1E6-2E97-4B70-8639-9E59154099F7}.Release|x86.Build.0 = Release|Any CPU
		{2295D5EB-FEF1-4599-86AE-9737D30E37BA}.Debug|Any CPU.ActiveCfg = Debug|Any CPU
		{2295D5EB-FEF1-4599-86AE-9737D30E37BA}.Debug|Any CPU.Build.0 = Debug|Any CPU
		{2295D5EB-FEF1-4599-86AE-9737D30E37BA}.Debug|x64.ActiveCfg = Debug|Any CPU
		{2295D5EB-FEF1-4599-86AE-9737D30E37BA}.Debug|x64.Build.0 = Debug|Any CPU
		{2295D5EB-FEF1-4599-86AE-9737D30E37BA}.Debug|x86.ActiveCfg = Debug|Any CPU
		{2295D5EB-FEF1-4599-86AE-9737D30E37BA}.Debug|x86.Build.0 = Debug|Any CPU
		{2295D5EB-FEF1-4599-86AE-9737D30E37BA}.Release|Any CPU.ActiveCfg = Release|Any CPU
		{2295D5EB-FEF1-4599-86AE-9737D30E37BA}.Release|Any CPU.Build.0 = Release|Any CPU
		{2295D5EB-FEF1-4599-86AE-9737D30E37BA}.Release|x64.ActiveCfg = Release|Any CPU
		{2295D5EB-FEF1-4599-86AE-9737D30E37BA}.Release|x64.Build.0 = Release|Any CPU
		{2295D5EB-FEF1-4599-86AE-9737D30E37BA}.Release|x86.ActiveCfg = Release|Any CPU
		{2295D5EB-FEF1-4599-86AE-9737D30E37BA}.Release|x86.Build.0 = Release|Any CPU
		{8DB09A23-8C1F-4747-9F0C-B120AA45B546}.Debug|Any CPU.ActiveCfg = Debug|Any CPU
		{8DB09A23-8C1F-4747-9F0C-B120AA45B546}.Debug|Any CPU.Build.0 = Debug|Any CPU
		{8DB09A23-8C1F-4747-9F0C-B120AA45B546}.Debug|x64.ActiveCfg = Debug|Any CPU
		{8DB09A23-8C1F-4747-9F0C-B120AA45B546}.Debug|x64.Build.0 = Debug|Any CPU
		{8DB09A23-8C1F-4747-9F0C-B120AA45B546}.Debug|x86.ActiveCfg = Debug|Any CPU
		{8DB09A23-8C1F-4747-9F0C-B120AA45B546}.Debug|x86.Build.0 = Debug|Any CPU
		{8DB09A23-8C1F-4747-9F0C-B120AA45B546}.Release|Any CPU.ActiveCfg = Release|Any CPU
		{8DB09A23-8C1F-4747-9F0C-B120AA45B546}.Release|Any CPU.Build.0 = Release|Any CPU
		{8DB09A23-8C1F-4747-9F0C-B120AA45B546}.Release|x64.ActiveCfg = Release|Any CPU
		{8DB09A23-8C1F-4747-9F0C-B120AA45B546}.Release|x64.Build.0 = Release|Any CPU
		{8DB09A23-8C1F-4747-9F0C-B120AA45B546}.Release|x86.ActiveCfg = Release|Any CPU
		{8DB09A23-8C1F-4747-9F0C-B120AA45B546}.Release|x86.Build.0 = Release|Any CPU
		{CE3AEB4A-929F-435A-A3B1-F97FF0D05729}.Debug|Any CPU.ActiveCfg = Debug|Any CPU
		{CE3AEB4A-929F-435A-A3B1-F97FF0D05729}.Debug|Any CPU.Build.0 = Debug|Any CPU
		{CE3AEB4A-929F-435A-A3B1-F97FF0D05729}.Debug|x64.ActiveCfg = Debug|Any CPU
		{CE3AEB4A-929F-435A-A3B1-F97FF0D05729}.Debug|x64.Build.0 = Debug|Any CPU
		{CE3AEB4A-929F-435A-A3B1-F97FF0D05729}.Debug|x86.ActiveCfg = Debug|Any CPU
		{CE3AEB4A-929F-435A-A3B1-F97FF0D05729}.Debug|x86.Build.0 = Debug|Any CPU
		{CE3AEB4A-929F-435A-A3B1-F97FF0D05729}.Release|Any CPU.ActiveCfg = Release|Any CPU
		{CE3AEB4A-929F-435A-A3B1-F97FF0D05729}.Release|Any CPU.Build.0 = Release|Any CPU
		{CE3AEB4A-929F-435A-A3B1-F97FF0D05729}.Release|x64.ActiveCfg = Release|Any CPU
		{CE3AEB4A-929F-435A-A3B1-F97FF0D05729}.Release|x64.Build.0 = Release|Any CPU
		{CE3AEB4A-929F-435A-A3B1-F97FF0D05729}.Release|x86.ActiveCfg = Release|Any CPU
		{CE3AEB4A-929F-435A-A3B1-F97FF0D05729}.Release|x86.Build.0 = Release|Any CPU
		{FF4EDE75-3735-4EA3-B402-F285E964E03E}.Debug|Any CPU.ActiveCfg = Debug|Any CPU
		{FF4EDE75-3735-4EA3-B402-F285E964E03E}.Debug|Any CPU.Build.0 = Debug|Any CPU
		{FF4EDE75-3735-4EA3-B402-F285E964E03E}.Debug|x64.ActiveCfg = Debug|Any CPU
		{FF4EDE75-3735-4EA3-B402-F285E964E03E}.Debug|x64.Build.0 = Debug|Any CPU
		{FF4EDE75-3735-4EA3-B402-F285E964E03E}.Debug|x86.ActiveCfg = Debug|Any CPU
		{FF4EDE75-3735-4EA3-B402-F285E964E03E}.Debug|x86.Build.0 = Debug|Any CPU
		{FF4EDE75-3735-4EA3-B402-F285E964E03E}.Release|Any CPU.ActiveCfg = Release|Any CPU
		{FF4EDE75-3735-4EA3-B402-F285E964E03E}.Release|Any CPU.Build.0 = Release|Any CPU
		{FF4EDE75-3735-4EA3-B402-F285E964E03E}.Release|x64.ActiveCfg = Release|Any CPU
		{FF4EDE75-3735-4EA3-B402-F285E964E03E}.Release|x64.Build.0 = Release|Any CPU
		{FF4EDE75-3735-4EA3-B402-F285E964E03E}.Release|x86.ActiveCfg = Release|Any CPU
		{FF4EDE75-3735-4EA3-B402-F285E964E03E}.Release|x86.Build.0 = Release|Any CPU
		{ECF436F9-C3D4-4508-898B-419DA5B47495}.Debug|Any CPU.ActiveCfg = Debug|Any CPU
		{ECF436F9-C3D4-4508-898B-419DA5B47495}.Debug|Any CPU.Build.0 = Debug|Any CPU
		{ECF436F9-C3D4-4508-898B-419DA5B47495}.Debug|x64.ActiveCfg = Debug|Any CPU
		{ECF436F9-C3D4-4508-898B-419DA5B47495}.Debug|x64.Build.0 = Debug|Any CPU
		{ECF436F9-C3D4-4508-898B-419DA5B47495}.Debug|x86.ActiveCfg = Debug|Any CPU
		{ECF436F9-C3D4-4508-898B-419DA5B47495}.Debug|x86.Build.0 = Debug|Any CPU
		{ECF436F9-C3D4-4508-898B-419DA5B47495}.Release|Any CPU.ActiveCfg = Release|Any CPU
		{ECF436F9-C3D4-4508-898B-419DA5B47495}.Release|Any CPU.Build.0 = Release|Any CPU
		{ECF436F9-C3D4-4508-898B-419DA5B47495}.Release|x64.ActiveCfg = Release|Any CPU
		{ECF436F9-C3D4-4508-898B-419DA5B47495}.Release|x64.Build.0 = Release|Any CPU
		{ECF436F9-C3D4-4508-898B-419DA5B47495}.Release|x86.ActiveCfg = Release|Any CPU
		{ECF436F9-C3D4-4508-898B-419DA5B47495}.Release|x86.Build.0 = Release|Any CPU
		{065CEE7A-8D4D-4FD9-858D-C2C3E3B17C5F}.Debug|Any CPU.ActiveCfg = Debug|Any CPU
		{065CEE7A-8D4D-4FD9-858D-C2C3E3B17C5F}.Debug|Any CPU.Build.0 = Debug|Any CPU
		{065CEE7A-8D4D-4FD9-858D-C2C3E3B17C5F}.Debug|x64.ActiveCfg = Debug|Any CPU
		{065CEE7A-8D4D-4FD9-858D-C2C3E3B17C5F}.Debug|x64.Build.0 = Debug|Any CPU
		{065CEE7A-8D4D-4FD9-858D-C2C3E3B17C5F}.Debug|x86.ActiveCfg = Debug|Any CPU
		{065CEE7A-8D4D-4FD9-858D-C2C3E3B17C5F}.Debug|x86.Build.0 = Debug|Any CPU
		{065CEE7A-8D4D-4FD9-858D-C2C3E3B17C5F}.Release|Any CPU.ActiveCfg = Release|Any CPU
		{065CEE7A-8D4D-4FD9-858D-C2C3E3B17C5F}.Release|Any CPU.Build.0 = Release|Any CPU
		{065CEE7A-8D4D-4FD9-858D-C2C3E3B17C5F}.Release|x64.ActiveCfg = Release|Any CPU
		{065CEE7A-8D4D-4FD9-858D-C2C3E3B17C5F}.Release|x64.Build.0 = Release|Any CPU
		{065CEE7A-8D4D-4FD9-858D-C2C3E3B17C5F}.Release|x86.ActiveCfg = Release|Any CPU
		{065CEE7A-8D4D-4FD9-858D-C2C3E3B17C5F}.Release|x86.Build.0 = Release|Any CPU
		{4DE7234E-07F6-489B-8973-5F963D885B24}.Debug|Any CPU.ActiveCfg = Debug|Any CPU
		{4DE7234E-07F6-489B-8973-5F963D885B24}.Debug|Any CPU.Build.0 = Debug|Any CPU
		{4DE7234E-07F6-489B-8973-5F963D885B24}.Debug|x64.ActiveCfg = Debug|Any CPU
		{4DE7234E-07F6-489B-8973-5F963D885B24}.Debug|x64.Build.0 = Debug|Any CPU
		{4DE7234E-07F6-489B-8973-5F963D885B24}.Debug|x86.ActiveCfg = Debug|Any CPU
		{4DE7234E-07F6-489B-8973-5F963D885B24}.Debug|x86.Build.0 = Debug|Any CPU
		{4DE7234E-07F6-489B-8973-5F963D885B24}.Release|Any CPU.ActiveCfg = Release|Any CPU
		{4DE7234E-07F6-489B-8973-5F963D885B24}.Release|Any CPU.Build.0 = Release|Any CPU
		{4DE7234E-07F6-489B-8973-5F963D885B24}.Release|x64.ActiveCfg = Release|Any CPU
		{4DE7234E-07F6-489B-8973-5F963D885B24}.Release|x64.Build.0 = Release|Any CPU
		{4DE7234E-07F6-489B-8973-5F963D885B24}.Release|x86.ActiveCfg = Release|Any CPU
		{4DE7234E-07F6-489B-8973-5F963D885B24}.Release|x86.Build.0 = Release|Any CPU
		{D64F921A-AF52-44C7-998E-243507E837B3}.Debug|Any CPU.ActiveCfg = Debug|Any CPU
		{D64F921A-AF52-44C7-998E-243507E837B3}.Debug|Any CPU.Build.0 = Debug|Any CPU
		{D64F921A-AF52-44C7-998E-243507E837B3}.Debug|x64.ActiveCfg = Debug|Any CPU
		{D64F921A-AF52-44C7-998E-243507E837B3}.Debug|x64.Build.0 = Debug|Any CPU
		{D64F921A-AF52-44C7-998E-243507E837B3}.Debug|x86.ActiveCfg = Debug|Any CPU
		{D64F921A-AF52-44C7-998E-243507E837B3}.Debug|x86.Build.0 = Debug|Any CPU
		{D64F921A-AF52-44C7-998E-243507E837B3}.Release|Any CPU.ActiveCfg = Release|Any CPU
		{D64F921A-AF52-44C7-998E-243507E837B3}.Release|Any CPU.Build.0 = Release|Any CPU
		{D64F921A-AF52-44C7-998E-243507E837B3}.Release|x64.ActiveCfg = Release|Any CPU
		{D64F921A-AF52-44C7-998E-243507E837B3}.Release|x64.Build.0 = Release|Any CPU
		{D64F921A-AF52-44C7-998E-243507E837B3}.Release|x86.ActiveCfg = Release|Any CPU
		{D64F921A-AF52-44C7-998E-243507E837B3}.Release|x86.Build.0 = Release|Any CPU
		{3DFA13D1-4FB6-405C-8E16-91181529E56C}.Debug|Any CPU.ActiveCfg = Debug|Any CPU
		{3DFA13D1-4FB6-405C-8E16-91181529E56C}.Debug|Any CPU.Build.0 = Debug|Any CPU
		{3DFA13D1-4FB6-405C-8E16-91181529E56C}.Debug|x64.ActiveCfg = Debug|Any CPU
		{3DFA13D1-4FB6-405C-8E16-91181529E56C}.Debug|x64.Build.0 = Debug|Any CPU
		{3DFA13D1-4FB6-405C-8E16-91181529E56C}.Debug|x86.ActiveCfg = Debug|Any CPU
		{3DFA13D1-4FB6-405C-8E16-91181529E56C}.Debug|x86.Build.0 = Debug|Any CPU
		{3DFA13D1-4FB6-405C-8E16-91181529E56C}.Release|Any CPU.ActiveCfg = Release|Any CPU
		{3DFA13D1-4FB6-405C-8E16-91181529E56C}.Release|Any CPU.Build.0 = Release|Any CPU
		{3DFA13D1-4FB6-405C-8E16-91181529E56C}.Release|x64.ActiveCfg = Release|Any CPU
		{3DFA13D1-4FB6-405C-8E16-91181529E56C}.Release|x64.Build.0 = Release|Any CPU
		{3DFA13D1-4FB6-405C-8E16-91181529E56C}.Release|x86.ActiveCfg = Release|Any CPU
		{3DFA13D1-4FB6-405C-8E16-91181529E56C}.Release|x86.Build.0 = Release|Any CPU
		{024E2FCB-E6E7-4344-8C66-F8B3BC097F57}.Debug|Any CPU.ActiveCfg = Debug|Any CPU
		{024E2FCB-E6E7-4344-8C66-F8B3BC097F57}.Debug|Any CPU.Build.0 = Debug|Any CPU
		{024E2FCB-E6E7-4344-8C66-F8B3BC097F57}.Debug|x64.ActiveCfg = Debug|Any CPU
		{024E2FCB-E6E7-4344-8C66-F8B3BC097F57}.Debug|x64.Build.0 = Debug|Any CPU
		{024E2FCB-E6E7-4344-8C66-F8B3BC097F57}.Debug|x86.ActiveCfg = Debug|Any CPU
		{024E2FCB-E6E7-4344-8C66-F8B3BC097F57}.Debug|x86.Build.0 = Debug|Any CPU
		{024E2FCB-E6E7-4344-8C66-F8B3BC097F57}.Release|Any CPU.ActiveCfg = Release|Any CPU
		{024E2FCB-E6E7-4344-8C66-F8B3BC097F57}.Release|Any CPU.Build.0 = Release|Any CPU
		{024E2FCB-E6E7-4344-8C66-F8B3BC097F57}.Release|x64.ActiveCfg = Release|Any CPU
		{024E2FCB-E6E7-4344-8C66-F8B3BC097F57}.Release|x64.Build.0 = Release|Any CPU
		{024E2FCB-E6E7-4344-8C66-F8B3BC097F57}.Release|x86.ActiveCfg = Release|Any CPU
		{024E2FCB-E6E7-4344-8C66-F8B3BC097F57}.Release|x86.Build.0 = Release|Any CPU
		{4ED72D90-AD0E-404B-876E-003D1C38B1E7}.Debug|Any CPU.ActiveCfg = Debug|Any CPU
		{4ED72D90-AD0E-404B-876E-003D1C38B1E7}.Debug|Any CPU.Build.0 = Debug|Any CPU
		{4ED72D90-AD0E-404B-876E-003D1C38B1E7}.Debug|x64.ActiveCfg = Debug|Any CPU
		{4ED72D90-AD0E-404B-876E-003D1C38B1E7}.Debug|x64.Build.0 = Debug|Any CPU
		{4ED72D90-AD0E-404B-876E-003D1C38B1E7}.Debug|x86.ActiveCfg = Debug|Any CPU
		{4ED72D90-AD0E-404B-876E-003D1C38B1E7}.Debug|x86.Build.0 = Debug|Any CPU
		{4ED72D90-AD0E-404B-876E-003D1C38B1E7}.Release|Any CPU.ActiveCfg = Release|Any CPU
		{4ED72D90-AD0E-404B-876E-003D1C38B1E7}.Release|Any CPU.Build.0 = Release|Any CPU
		{4ED72D90-AD0E-404B-876E-003D1C38B1E7}.Release|x64.ActiveCfg = Release|Any CPU
		{4ED72D90-AD0E-404B-876E-003D1C38B1E7}.Release|x64.Build.0 = Release|Any CPU
		{4ED72D90-AD0E-404B-876E-003D1C38B1E7}.Release|x86.ActiveCfg = Release|Any CPU
		{4ED72D90-AD0E-404B-876E-003D1C38B1E7}.Release|x86.Build.0 = Release|Any CPU
		{D6F229F6-75B9-4DC8-86F2-F4BC356B9FFA}.Debug|Any CPU.ActiveCfg = Debug|Any CPU
		{D6F229F6-75B9-4DC8-86F2-F4BC356B9FFA}.Debug|Any CPU.Build.0 = Debug|Any CPU
		{D6F229F6-75B9-4DC8-86F2-F4BC356B9FFA}.Debug|x64.ActiveCfg = Debug|Any CPU
		{D6F229F6-75B9-4DC8-86F2-F4BC356B9FFA}.Debug|x64.Build.0 = Debug|Any CPU
		{D6F229F6-75B9-4DC8-86F2-F4BC356B9FFA}.Debug|x86.ActiveCfg = Debug|Any CPU
		{D6F229F6-75B9-4DC8-86F2-F4BC356B9FFA}.Debug|x86.Build.0 = Debug|Any CPU
		{D6F229F6-75B9-4DC8-86F2-F4BC356B9FFA}.Release|Any CPU.ActiveCfg = Release|Any CPU
		{D6F229F6-75B9-4DC8-86F2-F4BC356B9FFA}.Release|Any CPU.Build.0 = Release|Any CPU
		{D6F229F6-75B9-4DC8-86F2-F4BC356B9FFA}.Release|x64.ActiveCfg = Release|Any CPU
		{D6F229F6-75B9-4DC8-86F2-F4BC356B9FFA}.Release|x64.Build.0 = Release|Any CPU
		{D6F229F6-75B9-4DC8-86F2-F4BC356B9FFA}.Release|x86.ActiveCfg = Release|Any CPU
		{D6F229F6-75B9-4DC8-86F2-F4BC356B9FFA}.Release|x86.Build.0 = Release|Any CPU
		{3E448524-084A-4BF8-9FF6-088224F5BDA6}.Debug|Any CPU.ActiveCfg = Debug|Any CPU
		{3E448524-084A-4BF8-9FF6-088224F5BDA6}.Debug|Any CPU.Build.0 = Debug|Any CPU
		{3E448524-084A-4BF8-9FF6-088224F5BDA6}.Debug|x64.ActiveCfg = Debug|Any CPU
		{3E448524-084A-4BF8-9FF6-088224F5BDA6}.Debug|x64.Build.0 = Debug|Any CPU
		{3E448524-084A-4BF8-9FF6-088224F5BDA6}.Debug|x86.ActiveCfg = Debug|Any CPU
		{3E448524-084A-4BF8-9FF6-088224F5BDA6}.Debug|x86.Build.0 = Debug|Any CPU
		{3E448524-084A-4BF8-9FF6-088224F5BDA6}.Release|Any CPU.ActiveCfg = Release|Any CPU
		{3E448524-084A-4BF8-9FF6-088224F5BDA6}.Release|Any CPU.Build.0 = Release|Any CPU
		{3E448524-084A-4BF8-9FF6-088224F5BDA6}.Release|x64.ActiveCfg = Release|Any CPU
		{3E448524-084A-4BF8-9FF6-088224F5BDA6}.Release|x64.Build.0 = Release|Any CPU
		{3E448524-084A-4BF8-9FF6-088224F5BDA6}.Release|x86.ActiveCfg = Release|Any CPU
		{3E448524-084A-4BF8-9FF6-088224F5BDA6}.Release|x86.Build.0 = Release|Any CPU
		{695A6EFB-33F5-489B-B2B3-7C9D3DEE6664}.Debug|Any CPU.ActiveCfg = Debug|Any CPU
		{695A6EFB-33F5-489B-B2B3-7C9D3DEE6664}.Debug|Any CPU.Build.0 = Debug|Any CPU
		{695A6EFB-33F5-489B-B2B3-7C9D3DEE6664}.Debug|x64.ActiveCfg = Debug|Any CPU
		{695A6EFB-33F5-489B-B2B3-7C9D3DEE6664}.Debug|x64.Build.0 = Debug|Any CPU
		{695A6EFB-33F5-489B-B2B3-7C9D3DEE6664}.Debug|x86.ActiveCfg = Debug|Any CPU
		{695A6EFB-33F5-489B-B2B3-7C9D3DEE6664}.Debug|x86.Build.0 = Debug|Any CPU
		{695A6EFB-33F5-489B-B2B3-7C9D3DEE6664}.Release|Any CPU.ActiveCfg = Release|Any CPU
		{695A6EFB-33F5-489B-B2B3-7C9D3DEE6664}.Release|Any CPU.Build.0 = Release|Any CPU
		{695A6EFB-33F5-489B-B2B3-7C9D3DEE6664}.Release|x64.ActiveCfg = Release|Any CPU
		{695A6EFB-33F5-489B-B2B3-7C9D3DEE6664}.Release|x64.Build.0 = Release|Any CPU
		{695A6EFB-33F5-489B-B2B3-7C9D3DEE6664}.Release|x86.ActiveCfg = Release|Any CPU
		{695A6EFB-33F5-489B-B2B3-7C9D3DEE6664}.Release|x86.Build.0 = Release|Any CPU
		{66C4013F-5ADE-4E4F-847D-0611716DB08C}.Debug|Any CPU.ActiveCfg = Debug|Any CPU
		{66C4013F-5ADE-4E4F-847D-0611716DB08C}.Debug|Any CPU.Build.0 = Debug|Any CPU
		{66C4013F-5ADE-4E4F-847D-0611716DB08C}.Debug|x64.ActiveCfg = Debug|Any CPU
		{66C4013F-5ADE-4E4F-847D-0611716DB08C}.Debug|x64.Build.0 = Debug|Any CPU
		{66C4013F-5ADE-4E4F-847D-0611716DB08C}.Debug|x86.ActiveCfg = Debug|Any CPU
		{66C4013F-5ADE-4E4F-847D-0611716DB08C}.Debug|x86.Build.0 = Debug|Any CPU
		{66C4013F-5ADE-4E4F-847D-0611716DB08C}.Release|Any CPU.ActiveCfg = Release|Any CPU
		{66C4013F-5ADE-4E4F-847D-0611716DB08C}.Release|Any CPU.Build.0 = Release|Any CPU
		{66C4013F-5ADE-4E4F-847D-0611716DB08C}.Release|x64.ActiveCfg = Release|Any CPU
		{66C4013F-5ADE-4E4F-847D-0611716DB08C}.Release|x64.Build.0 = Release|Any CPU
		{66C4013F-5ADE-4E4F-847D-0611716DB08C}.Release|x86.ActiveCfg = Release|Any CPU
		{66C4013F-5ADE-4E4F-847D-0611716DB08C}.Release|x86.Build.0 = Release|Any CPU
	EndGlobalSection
	GlobalSection(SolutionProperties) = preSolution
		HideSolutionNode = FALSE
	EndGlobalSection
	GlobalSection(NestedProjects) = preSolution
		{BB7C9312-80B2-49AB-A820-93A43C9E236C} = {AB0CCA9B-BC62-469C-9435-597EBF6E3D80}
		{ADA797EE-F7B2-4F51-8931-FC0AB1807E46} = {DDE71F9E-2645-4EFD-9039-A79FAD0AB552}
		{B4CA2DA7-46DE-48C7-8001-0FE37F7CCF8B} = {AB0CCA9B-BC62-469C-9435-597EBF6E3D80}
		{AABAE6E4-5807-44CC-BA8F-6263F0D19229} = {AB0CCA9B-BC62-469C-9435-597EBF6E3D80}
		{F159DAF5-F07F-430F-8164-37A09AF32F21} = {AB0CCA9B-BC62-469C-9435-597EBF6E3D80}
		{AB10BA07-BAFF-49E1-B527-12AA4CB1D23B} = {AB0CCA9B-BC62-469C-9435-597EBF6E3D80}
		{3C03DFC2-32B9-475E-9AC9-C671D4FE97D3} = {DDE71F9E-2645-4EFD-9039-A79FAD0AB552}
		{B9D3A9DF-0A81-4A22-9BDD-9A4AC5A16206} = {AB0CCA9B-BC62-469C-9435-597EBF6E3D80}
		{EE7C4938-9F02-4F4D-B333-181E978FE7A7} = {A1961DAB-4E1E-4261-A3D2-DF4DB673B409}
		{2D85E26E-FA80-41CB-884E-E4EA46EC7C43} = {A1961DAB-4E1E-4261-A3D2-DF4DB673B409}
		{A66DE4F1-947A-437D-8C2E-C36424F2D712} = {A1961DAB-4E1E-4261-A3D2-DF4DB673B409}
		{8C46DDE5-1AD2-487C-8899-1001F7631100} = {0652FEC7-3C9A-4D85-A573-F0A2B1A59078}
		{08EF6AA6-053B-4D62-A7EF-45E5BAB87D5D} = {0652FEC7-3C9A-4D85-A573-F0A2B1A59078}
		{F0E84318-2334-4EF8-B11C-4E2E78DA9606} = {371247A3-BF23-4AAC-A70C-79535F693CE8}
		{0F52290A-81F5-4DFC-BF71-4BE80BE1DF64} = {371247A3-BF23-4AAC-A70C-79535F693CE8}
		{F73BAF64-B5AF-4B00-AA5F-4CB219FF30A9} = {371247A3-BF23-4AAC-A70C-79535F693CE8}
		{FB34F423-B8DC-49D8-9F82-4CEDC9D2076B} = {371247A3-BF23-4AAC-A70C-79535F693CE8}
		{9BD790F0-D5AD-4B58-954A-8840A0E143BF} = {B9652C57-A5C8-4295-BFE5-D74C8CE144A5}
		{9C4166EB-87E4-4181-AD4A-2EA6C9C8001B} = {B9652C57-A5C8-4295-BFE5-D74C8CE144A5}
		{B4AAF76E-CE32-42E1-9450-D612506F0CA6} = {B9652C57-A5C8-4295-BFE5-D74C8CE144A5}
		{46F2F4DC-34A2-412C-A8A2-F3333B41BB9B} = {B9652C57-A5C8-4295-BFE5-D74C8CE144A5}
		{DE022E45-780C-4B84-9392-5E05C1D06BBB} = {C48875E8-2669-40DB-8315-BC78B1FCDD93}
		{A905EBB4-7A3A-4E34-9E43-7EC9D35B3B00} = {C48875E8-2669-40DB-8315-BC78B1FCDD93}
		{F0A55FB3-F6EA-4525-93F0-36044F50347D} = {C48875E8-2669-40DB-8315-BC78B1FCDD93}
		{558FA05E-E82A-4D56-97F9-F5EE0FC0AF04} = {C48875E8-2669-40DB-8315-BC78B1FCDD93}
		{2621D1E6-2E97-4B70-8639-9E59154099F7} = {04877E2A-EB31-4F69-B730-ACE70DE7A63B}
		{2295D5EB-FEF1-4599-86AE-9737D30E37BA} = {04877E2A-EB31-4F69-B730-ACE70DE7A63B}
		{8DB09A23-8C1F-4747-9F0C-B120AA45B546} = {04877E2A-EB31-4F69-B730-ACE70DE7A63B}
		{CE3AEB4A-929F-435A-A3B1-F97FF0D05729} = {04877E2A-EB31-4F69-B730-ACE70DE7A63B}
		{FF4EDE75-3735-4EA3-B402-F285E964E03E} = {A1961DAB-4E1E-4261-A3D2-DF4DB673B409}
		{ECF436F9-C3D4-4508-898B-419DA5B47495} = {0652FEC7-3C9A-4D85-A573-F0A2B1A59078}
		{065CEE7A-8D4D-4FD9-858D-C2C3E3B17C5F} = {371247A3-BF23-4AAC-A70C-79535F693CE8}
		{4DE7234E-07F6-489B-8973-5F963D885B24} = {B9652C57-A5C8-4295-BFE5-D74C8CE144A5}
		{D64F921A-AF52-44C7-998E-243507E837B3} = {C48875E8-2669-40DB-8315-BC78B1FCDD93}
		{3DFA13D1-4FB6-405C-8E16-91181529E56C} = {04877E2A-EB31-4F69-B730-ACE70DE7A63B}
		{024E2FCB-E6E7-4344-8C66-F8B3BC097F57} = {A1961DAB-4E1E-4261-A3D2-DF4DB673B409}
		{4ED72D90-AD0E-404B-876E-003D1C38B1E7} = {0652FEC7-3C9A-4D85-A573-F0A2B1A59078}
		{D6F229F6-75B9-4DC8-86F2-F4BC356B9FFA} = {371247A3-BF23-4AAC-A70C-79535F693CE8}
		{3E448524-084A-4BF8-9FF6-088224F5BDA6} = {B9652C57-A5C8-4295-BFE5-D74C8CE144A5}
		{695A6EFB-33F5-489B-B2B3-7C9D3DEE6664} = {C48875E8-2669-40DB-8315-BC78B1FCDD93}
		{66C4013F-5ADE-4E4F-847D-0611716DB08C} = {04877E2A-EB31-4F69-B730-ACE70DE7A63B}
	EndGlobalSection
	GlobalSection(ExtensibilityGlobals) = postSolution
		SolutionGuid = {BA747098-6368-4779-BE8D-75D1C7385277}
	EndGlobalSection
EndGlobal
