
Microsoft Visual Studio Solution File, Format Version 12.00
# Visual Studio 15
VisualStudioVersion = 15.0.27703.2047
MinimumVisualStudioVersion = 10.0.40219.1
Project("{9A19103F-16F7-4668-BE54-9A1E7A4F7556}") = "Store.User.API", "Store.User.API\Store.User.API.csproj", "{97623341-E30E-4682-8E9F-3C178E1CF61F}"
EndProject
Project("{9A19103F-16F7-4668-BE54-9A1E7A4F7556}") = "Store.User.Application", "Store.User.Application\Store.User.Application.csproj", "{00817CB9-4656-42EE-B628-F389D188A995}"
EndProject
Project("{9A19103F-16F7-4668-BE54-9A1E7A4F7556}") = "Store.User.Domain", "Store.User.Domain\Store.User.Domain.csproj", "{C664BEF6-1F4D-4898-8143-4AA480B2F521}"
EndProject
Project("{9A19103F-16F7-4668-BE54-9A1E7A4F7556}") = "Store.User.Repository", "Store.User.Repository\Store.User.Repository.csproj", "{24ECB39C-0082-4D6B-8D0F-E80C632F5E2B}"
EndProject
Project("{FAE04EC0-301F-11D3-BF4B-00C04F79EFBC}") = "Store.User.Tests.Acceptance", "Store.User.Tests.Acceptance\Store.User.Tests.Acceptance.csproj", "{66C4013F-5ADE-4E4F-847D-0611716DB08C}"
EndProject
Project("{9A19103F-16F7-4668-BE54-9A1E7A4F7556}") = "Store.User.Tests.Unit", "Store.User.Tests.Unit\Store.User.Tests.Unit.csproj", "{9E325A7D-B01D-4294-8CBD-A09DF9102026}"
EndProject
Project("{9A19103F-16F7-4668-BE54-9A1E7A4F7556}") = "Store.Common", "..\Common\Store.Common\Store.Common.csproj", "{F93A148C-87CA-4D05-8C75-2346CD4B531C}"
EndProject
Global
	GlobalSection(SolutionConfigurationPlatforms) = preSolution
		Debug|Any CPU = Debug|Any CPU
		Release|Any CPU = Release|Any CPU
	EndGlobalSection
	GlobalSection(ProjectConfigurationPlatforms) = postSolution
		{97623341-E30E-4682-8E9F-3C178E1CF61F}.Debug|Any CPU.ActiveCfg = Debug|Any CPU
		{97623341-E30E-4682-8E9F-3C178E1CF61F}.Debug|Any CPU.Build.0 = Debug|Any CPU
		{97623341-E30E-4682-8E9F-3C178E1CF61F}.Release|Any CPU.ActiveCfg = Release|Any CPU
		{97623341-E30E-4682-8E9F-3C178E1CF61F}.Release|Any CPU.Build.0 = Release|Any CPU
		{00817CB9-4656-42EE-B628-F389D188A995}.Debug|Any CPU.ActiveCfg = Debug|Any CPU
		{00817CB9-4656-42EE-B628-F389D188A995}.Debug|Any CPU.Build.0 = Debug|Any CPU
		{00817CB9-4656-42EE-B628-F389D188A995}.Release|Any CPU.ActiveCfg = Release|Any CPU
		{00817CB9-4656-42EE-B628-F389D188A995}.Release|Any CPU.Build.0 = Release|Any CPU
		{C664BEF6-1F4D-4898-8143-4AA480B2F521}.Debug|Any CPU.ActiveCfg = Debug|Any CPU
		{C664BEF6-1F4D-4898-8143-4AA480B2F521}.Debug|Any CPU.Build.0 = Debug|Any CPU
		{C664BEF6-1F4D-4898-8143-4AA480B2F521}.Release|Any CPU.ActiveCfg = Release|Any CPU
		{C664BEF6-1F4D-4898-8143-4AA480B2F521}.Release|Any CPU.Build.0 = Release|Any CPU
		{24ECB39C-0082-4D6B-8D0F-E80C632F5E2B}.Debug|Any CPU.ActiveCfg = Debug|Any CPU
		{24ECB39C-0082-4D6B-8D0F-E80C632F5E2B}.Debug|Any CPU.Build.0 = Debug|Any CPU
		{24ECB39C-0082-4D6B-8D0F-E80C632F5E2B}.Release|Any CPU.ActiveCfg = Release|Any CPU
		{24ECB39C-0082-4D6B-8D0F-E80C632F5E2B}.Release|Any CPU.Build.0 = Release|Any CPU
		{66C4013F-5ADE-4E4F-847D-0611716DB08C}.Debug|Any CPU.ActiveCfg = Debug|Any CPU
		{66C4013F-5ADE-4E4F-847D-0611716DB08C}.Debug|Any CPU.Build.0 = Debug|Any CPU
		{66C4013F-5ADE-4E4F-847D-0611716DB08C}.Release|Any CPU.ActiveCfg = Release|Any CPU
		{66C4013F-5ADE-4E4F-847D-0611716DB08C}.Release|Any CPU.Build.0 = Release|Any CPU
		{9E325A7D-B01D-4294-8CBD-A09DF9102026}.Debug|Any CPU.ActiveCfg = Debug|Any CPU
		{9E325A7D-B01D-4294-8CBD-A09DF9102026}.Debug|Any CPU.Build.0 = Debug|Any CPU
		{9E325A7D-B01D-4294-8CBD-A09DF9102026}.Release|Any CPU.ActiveCfg = Release|Any CPU
		{9E325A7D-B01D-4294-8CBD-A09DF9102026}.Release|Any CPU.Build.0 = Release|Any CPU
		{F93A148C-87CA-4D05-8C75-2346CD4B531C}.Debug|Any CPU.ActiveCfg = Debug|Any CPU
		{F93A148C-87CA-4D05-8C75-2346CD4B531C}.Debug|Any CPU.Build.0 = Debug|Any CPU
		{F93A148C-87CA-4D05-8C75-2346CD4B531C}.Release|Any CPU.ActiveCfg = Release|Any CPU
		{F93A148C-87CA-4D05-8C75-2346CD4B531C}.Release|Any CPU.Build.0 = Release|Any CPU
	EndGlobalSection
	GlobalSection(SolutionProperties) = preSolution
		HideSolutionNode = FALSE
	EndGlobalSection
	GlobalSection(ExtensibilityGlobals) = postSolution
		SolutionGuid = {BFEAD1F5-0E9D-48C6-8C21-67F8E0CDAF2E}
	EndGlobalSection
EndGlobal
